// !$*UTF8*$!
{
	archiveVersion = 1;
	classes = {
	};
	objectVersion = 48;
	objects = {

/* Begin PBXBuildFile section */
		7D4965811FC6B586008B936F /* BaseViewController.swift in Sources */ = {isa = PBXBuildFile; fileRef = 7D4965801FC6B586008B936F /* BaseViewController.swift */; };
		7DC552B41FC563D500C5DB18 /* PopViewController.storyboard in Resources */ = {isa = PBXBuildFile; fileRef = 7DC552B01FC563D500C5DB18 /* PopViewController.storyboard */; };
		7DC552B51FC563D500C5DB18 /* PopViewController.swift in Sources */ = {isa = PBXBuildFile; fileRef = 7DC552B11FC563D500C5DB18 /* PopViewController.swift */; };
		7DC552B61FC563D500C5DB18 /* WjPresentationCoutro.swift in Sources */ = {isa = PBXBuildFile; fileRef = 7DC552B21FC563D500C5DB18 /* WjPresentationCoutro.swift */; };
		7DC552B71FC563D500C5DB18 /* PopAnimation.swift in Sources */ = {isa = PBXBuildFile; fileRef = 7DC552B31FC563D500C5DB18 /* PopAnimation.swift */; };
		7DC552BC1FC5717600C5DB18 /* DemoCell.swift in Sources */ = {isa = PBXBuildFile; fileRef = 7DC552BA1FC5717600C5DB18 /* DemoCell.swift */; };
		7DC552BD1FC5717600C5DB18 /* DemoCell.xib in Resources */ = {isa = PBXBuildFile; fileRef = 7DC552BB1FC5717600C5DB18 /* DemoCell.xib */; };
		7DCA51731FC26ED000B46882 /* AppDelegate.swift in Sources */ = {isa = PBXBuildFile; fileRef = 7DCA51721FC26ED000B46882 /* AppDelegate.swift */; };
		7DCA51751FC26ED000B46882 /* ViewController.swift in Sources */ = {isa = PBXBuildFile; fileRef = 7DCA51741FC26ED000B46882 /* ViewController.swift */; };
		7DCA51781FC26ED000B46882 /* Main.storyboard in Resources */ = {isa = PBXBuildFile; fileRef = 7DCA51761FC26ED000B46882 /* Main.storyboard */; };
		7DCA517A1FC26ED000B46882 /* Assets.xcassets in Resources */ = {isa = PBXBuildFile; fileRef = 7DCA51791FC26ED000B46882 /* Assets.xcassets */; };
		7DCA517D1FC26ED000B46882 /* LaunchScreen.storyboard in Resources */ = {isa = PBXBuildFile; fileRef = 7DCA517B1FC26ED000B46882 /* LaunchScreen.storyboard */; };
		7DCA51891FC274D000B46882 /* Wjq_DropDownMenu.swift in Sources */ = {isa = PBXBuildFile; fileRef = 7DCA51881FC274D000B46882 /* Wjq_DropDownMenu.swift */; };
		7DEE44841FC2A84D002C9276 /* SecondVC.swift in Sources */ = {isa = PBXBuildFile; fileRef = 7DEE44831FC2A84D002C9276 /* SecondVC.swift */; };
		7DEE44861FC2B6AA002C9276 /* WjqDropMenu.swift in Sources */ = {isa = PBXBuildFile; fileRef = 7DEE44851FC2B6AA002C9276 /* WjqDropMenu.swift */; };
		7DFD808B1FC7BF310014F52C /* LabelListView.swift in Sources */ = {isa = PBXBuildFile; fileRef = 7DFD808A1FC7BF310014F52C /* LabelListView.swift */; };
		DF1DCABCE7EA36785A201920 /* Pods_wjDropDownMenu.framework in Frameworks */ = {isa = PBXBuildFile; fileRef = 43FCA33A75C1C9FC5358CB58 /* Pods_wjDropDownMenu.framework */; };
/* End PBXBuildFile section */

/* Begin PBXFileReference section */
		07072256F19894CD00D6FAB0 /* Pods-wjDropDownMenu.release.xcconfig */ = {isa = PBXFileReference; includeInIndex = 1; lastKnownFileType = text.xcconfig; name = "Pods-wjDropDownMenu.release.xcconfig"; path = "Pods/Target Support Files/Pods-wjDropDownMenu/Pods-wjDropDownMenu.release.xcconfig"; sourceTree = "<group>"; };
		43FCA33A75C1C9FC5358CB58 /* Pods_wjDropDownMenu.framework */ = {isa = PBXFileReference; explicitFileType = wrapper.framework; includeInIndex = 0; path = Pods_wjDropDownMenu.framework; sourceTree = BUILT_PRODUCTS_DIR; };
		7D4965801FC6B586008B936F /* BaseViewController.swift */ = {isa = PBXFileReference; lastKnownFileType = sourcecode.swift; path = BaseViewController.swift; sourceTree = "<group>"; };
		7DC552B01FC563D500C5DB18 /* PopViewController.storyboard */ = {isa = PBXFileReference; fileEncoding = 4; lastKnownFileType = file.storyboard; path = PopViewController.storyboard; sourceTree = "<group>"; };
		7DC552B11FC563D500C5DB18 /* PopViewController.swift */ = {isa = PBXFileReference; fileEncoding = 4; lastKnownFileType = sourcecode.swift; path = PopViewController.swift; sourceTree = "<group>"; };
		7DC552B21FC563D500C5DB18 /* WjPresentationCoutro.swift */ = {isa = PBXFileReference; fileEncoding = 4; lastKnownFileType = sourcecode.swift; path = WjPresentationCoutro.swift; sourceTree = "<group>"; };
		7DC552B31FC563D500C5DB18 /* PopAnimation.swift */ = {isa = PBXFileReference; fileEncoding = 4; lastKnownFileType = sourcecode.swift; path = PopAnimation.swift; sourceTree = "<group>"; };
		7DC552BA1FC5717600C5DB18 /* DemoCell.swift */ = {isa = PBXFileReference; lastKnownFileType = sourcecode.swift; path = DemoCell.swift; sourceTree = "<group>"; };
		7DC552BB1FC5717600C5DB18 /* DemoCell.xib */ = {isa = PBXFileReference; lastKnownFileType = file.xib; path = DemoCell.xib; sourceTree = "<group>"; };
		7DCA516F1FC26ED000B46882 /* wjDropDownMenu.app */ = {isa = PBXFileReference; explicitFileType = wrapper.application; includeInIndex = 0; path = wjDropDownMenu.app; sourceTree = BUILT_PRODUCTS_DIR; };
		7DCA51721FC26ED000B46882 /* AppDelegate.swift */ = {isa = PBXFileReference; lastKnownFileType = sourcecode.swift; path = AppDelegate.swift; sourceTree = "<group>"; };
		7DCA51741FC26ED000B46882 /* ViewController.swift */ = {isa = PBXFileReference; lastKnownFileType = sourcecode.swift; path = ViewController.swift; sourceTree = "<group>"; };
		7DCA51771FC26ED000B46882 /* Base */ = {isa = PBXFileReference; lastKnownFileType = file.storyboard; name = Base; path = Base.lproj/Main.storyboard; sourceTree = "<group>"; };
		7DCA51791FC26ED000B46882 /* Assets.xcassets */ = {isa = PBXFileReference; lastKnownFileType = folder.assetcatalog; path = Assets.xcassets; sourceTree = "<group>"; };
		7DCA517C1FC26ED000B46882 /* Base */ = {isa = PBXFileReference; lastKnownFileType = file.storyboard; name = Base; path = Base.lproj/LaunchScreen.storyboard; sourceTree = "<group>"; };
		7DCA517E1FC26ED000B46882 /* Info.plist */ = {isa = PBXFileReference; lastKnownFileType = text.plist.xml; path = Info.plist; sourceTree = "<group>"; };
		7DCA51881FC274D000B46882 /* Wjq_DropDownMenu.swift */ = {isa = PBXFileReference; lastKnownFileType = sourcecode.swift; path = Wjq_DropDownMenu.swift; sourceTree = "<group>"; };
		7DEE44831FC2A84D002C9276 /* SecondVC.swift */ = {isa = PBXFileReference; lastKnownFileType = sourcecode.swift; path = SecondVC.swift; sourceTree = "<group>"; };
		7DEE44851FC2B6AA002C9276 /* WjqDropMenu.swift */ = {isa = PBXFileReference; lastKnownFileType = sourcecode.swift; path = WjqDropMenu.swift; sourceTree = "<group>"; };
		7DFD808A1FC7BF310014F52C /* LabelListView.swift */ = {isa = PBXFileReference; lastKnownFileType = sourcecode.swift; path = LabelListView.swift; sourceTree = "<group>"; };
		A43355B2536BAB19F469A1C1 /* Pods-wjDropDownMenu.debug.xcconfig */ = {isa = PBXFileReference; includeInIndex = 1; lastKnownFileType = text.xcconfig; name = "Pods-wjDropDownMenu.debug.xcconfig"; path = "Pods/Target Support Files/Pods-wjDropDownMenu/Pods-wjDropDownMenu.debug.xcconfig"; sourceTree = "<group>"; };
/* End PBXFileReference section */

/* Begin PBXFrameworksBuildPhase section */
		7DCA516C1FC26ED000B46882 /* Frameworks */ = {
			isa = PBXFrameworksBuildPhase;
			buildActionMask = 2147483647;
			files = (
				DF1DCABCE7EA36785A201920 /* Pods_wjDropDownMenu.framework in Frameworks */,
			);
			runOnlyForDeploymentPostprocessing = 0;
		};
/* End PBXFrameworksBuildPhase section */

/* Begin PBXGroup section */
		44E9ECC21E5859B16D7D25E2 /* Frameworks */ = {
			isa = PBXGroup;
			children = (
				43FCA33A75C1C9FC5358CB58 /* Pods_wjDropDownMenu.framework */,
			);
			name = Frameworks;
			sourceTree = "<group>";
		};
		7DC552AF1FC563D500C5DB18 /* PopView */ = {
			isa = PBXGroup;
			children = (
				7DC552B01FC563D500C5DB18 /* PopViewController.storyboard */,
				7DC552B11FC563D500C5DB18 /* PopViewController.swift */,
				7DC552B21FC563D500C5DB18 /* WjPresentationCoutro.swift */,
				7DC552B31FC563D500C5DB18 /* PopAnimation.swift */,
			);
			path = PopView;
			sourceTree = "<group>";
		};
		7DCA51661FC26ED000B46882 = {
			isa = PBXGroup;
			children = (
				7DCA51711FC26ED000B46882 /* wjDropDownMenu */,
				7DCA51701FC26ED000B46882 /* Products */,
				BFFAC531F053BD4EA43A5A7F /* Pods */,
				44E9ECC21E5859B16D7D25E2 /* Frameworks */,
			);
			sourceTree = "<group>";
		};
		7DCA51701FC26ED000B46882 /* Products */ = {
			isa = PBXGroup;
			children = (
				7DCA516F1FC26ED000B46882 /* wjDropDownMenu.app */,
			);
			name = Products;
			sourceTree = "<group>";
		};
		7DCA51711FC26ED000B46882 /* wjDropDownMenu */ = {
			isa = PBXGroup;
			children = (
				7DCA51721FC26ED000B46882 /* AppDelegate.swift */,
				7DCA51741FC26ED000B46882 /* ViewController.swift */,
				7D4965801FC6B586008B936F /* BaseViewController.swift */,
				7DFD808A1FC7BF310014F52C /* LabelListView.swift */,
				7DCA51881FC274D000B46882 /* Wjq_DropDownMenu.swift */,
				7DEE44851FC2B6AA002C9276 /* WjqDropMenu.swift */,
				7DEE44831FC2A84D002C9276 /* SecondVC.swift */,
				7DCA51761FC26ED000B46882 /* Main.storyboard */,
				7DC552BA1FC5717600C5DB18 /* DemoCell.swift */,
				7DC552BB1FC5717600C5DB18 /* DemoCell.xib */,
				7DC552AF1FC563D500C5DB18 /* PopView */,
				7DCA51791FC26ED000B46882 /* Assets.xcassets */,
				7DCA517B1FC26ED000B46882 /* LaunchScreen.storyboard */,
				7DCA517E1FC26ED000B46882 /* Info.plist */,
			);
			path = wjDropDownMenu;
			sourceTree = "<group>";
		};
		BFFAC531F053BD4EA43A5A7F /* Pods */ = {
			isa = PBXGroup;
			children = (
				A43355B2536BAB19F469A1C1 /* Pods-wjDropDownMenu.debug.xcconfig */,
				07072256F19894CD00D6FAB0 /* Pods-wjDropDownMenu.release.xcconfig */,
			);
			name = Pods;
			sourceTree = "<group>";
		};
/* End PBXGroup section */

/* Begin PBXNativeTarget section */
		7DCA516E1FC26ED000B46882 /* wjDropDownMenu */ = {
			isa = PBXNativeTarget;
			buildConfigurationList = 7DCA51811FC26ED000B46882 /* Build configuration list for PBXNativeTarget "wjDropDownMenu" */;
			buildPhases = (
				B87222601D2D65D5C4F28673 /* [CP] Check Pods Manifest.lock */,
				7DCA516B1FC26ED000B46882 /* Sources */,
				7DCA516C1FC26ED000B46882 /* Frameworks */,
				7DCA516D1FC26ED000B46882 /* Resources */,
				97A1611B8617327F8E12544F /* [CP] Embed Pods Frameworks */,
				2DF81156A9F3867144BCE247 /* [CP] Copy Pods Resources */,
			);
			buildRules = (
			);
			dependencies = (
			);
			name = wjDropDownMenu;
			productName = wjDropDownMenu;
			productReference = 7DCA516F1FC26ED000B46882 /* wjDropDownMenu.app */;
			productType = "com.apple.product-type.application";
		};
/* End PBXNativeTarget section */

/* Begin PBXProject section */
		7DCA51671FC26ED000B46882 /* Project object */ = {
			isa = PBXProject;
			attributes = {
				LastSwiftUpdateCheck = 0910;
				LastUpgradeCheck = 0910;
				ORGANIZATIONNAME = wjq;
				TargetAttributes = {
					7DCA516E1FC26ED000B46882 = {
						CreatedOnToolsVersion = 9.1;
						ProvisioningStyle = Automatic;
					};
				};
			};
			buildConfigurationList = 7DCA516A1FC26ED000B46882 /* Build configuration list for PBXProject "wjDropDownMenu" */;
			compatibilityVersion = "Xcode 8.0";
			developmentRegion = en;
			hasScannedForEncodings = 0;
			knownRegions = (
				en,
				Base,
			);
			mainGroup = 7DCA51661FC26ED000B46882;
			productRefGroup = 7DCA51701FC26ED000B46882 /* Products */;
			projectDirPath = "";
			projectRoot = "";
			targets = (
				7DCA516E1FC26ED000B46882 /* wjDropDownMenu */,
			);
		};
/* End PBXProject section */

/* Begin PBXResourcesBuildPhase section */
		7DCA516D1FC26ED000B46882 /* Resources */ = {
			isa = PBXResourcesBuildPhase;
			buildActionMask = 2147483647;
			files = (
				7DCA517D1FC26ED000B46882 /* LaunchScreen.storyboard in Resources */,
				7DC552BD1FC5717600C5DB18 /* DemoCell.xib in Resources */,
				7DC552B41FC563D500C5DB18 /* PopViewController.storyboard in Resources */,
				7DCA517A1FC26ED000B46882 /* Assets.xcassets in Resources */,
				7DCA51781FC26ED000B46882 /* Main.storyboard in Resources */,
			);
			runOnlyForDeploymentPostprocessing = 0;
		};
/* End PBXResourcesBuildPhase section */

/* Begin PBXShellScriptBuildPhase section */
		2DF81156A9F3867144BCE247 /* [CP] Copy Pods Resources */ = {
			isa = PBXShellScriptBuildPhase;
			buildActionMask = 2147483647;
			files = (
			);
			inputPaths = (
			);
			name = "[CP] Copy Pods Resources";
			outputPaths = (
			);
			runOnlyForDeploymentPostprocessing = 0;
			shellPath = /bin/sh;
			shellScript = "\"${SRCROOT}/Pods/Target Support Files/Pods-wjDropDownMenu/Pods-wjDropDownMenu-resources.sh\"\n";
			showEnvVarsInLog = 0;
		};
		97A1611B8617327F8E12544F /* [CP] Embed Pods Frameworks */ = {
			isa = PBXShellScriptBuildPhase;
			buildActionMask = 2147483647;
			files = (
			);
			inputPaths = (
				"${SRCROOT}/Pods/Target Support Files/Pods-wjDropDownMenu/Pods-wjDropDownMenu-frameworks.sh",
				"${BUILT_PRODUCTS_DIR}/SnapKit/SnapKit.framework",
			);
			name = "[CP] Embed Pods Frameworks";
			outputPaths = (
				"${TARGET_BUILD_DIR}/${FRAMEWORKS_FOLDER_PATH}/SnapKit.framework",
			);
			runOnlyForDeploymentPostprocessing = 0;
			shellPath = /bin/sh;
			shellScript = "\"${SRCROOT}/Pods/Target Support Files/Pods-wjDropDownMenu/Pods-wjDropDownMenu-frameworks.sh\"\n";
			showEnvVarsInLog = 0;
		};
		B87222601D2D65D5C4F28673 /* [CP] Check Pods Manifest.lock */ = {
			isa = PBXShellScriptBuildPhase;
			buildActionMask = 2147483647;
			files = (
			);
			inputPaths = (
				"${PODS_PODFILE_DIR_PATH}/Podfile.lock",
				"${PODS_ROOT}/Manifest.lock",
			);
			name = "[CP] Check Pods Manifest.lock";
			outputPaths = (
				"$(DERIVED_FILE_DIR)/Pods-wjDropDownMenu-checkManifestLockResult.txt",
			);
			runOnlyForDeploymentPostprocessing = 0;
			shellPath = /bin/sh;
			shellScript = "diff \"${PODS_PODFILE_DIR_PATH}/Podfile.lock\" \"${PODS_ROOT}/Manifest.lock\" > /dev/null\nif [ $? != 0 ] ; then\n    # print error to STDERR\n    echo \"error: The sandbox is not in sync with the Podfile.lock. Run 'pod install' or update your CocoaPods installation.\" >&2\n    exit 1\nfi\n# This output is used by Xcode 'outputs' to avoid re-running this script phase.\necho \"SUCCESS\" > \"${SCRIPT_OUTPUT_FILE_0}\"\n";
			showEnvVarsInLog = 0;
		};
/* End PBXShellScriptBuildPhase section */

/* Begin PBXSourcesBuildPhase section */
		7DCA516B1FC26ED000B46882 /* Sources */ = {
			isa = PBXSourcesBuildPhase;
			buildActionMask = 2147483647;
			files = (
				7DC552B61FC563D500C5DB18 /* WjPresentationCoutro.swift in Sources */,
				7DC552B71FC563D500C5DB18 /* PopAnimation.swift in Sources */,
				7DEE44861FC2B6AA002C9276 /* WjqDropMenu.swift in Sources */,
				7DFD808B1FC7BF310014F52C /* LabelListView.swift in Sources */,
				7DC552B51FC563D500C5DB18 /* PopViewController.swift in Sources */,
				7DC552BC1FC5717600C5DB18 /* DemoCell.swift in Sources */,
				7DEE44841FC2A84D002C9276 /* SecondVC.swift in Sources */,
				7DCA51751FC26ED000B46882 /* ViewController.swift in Sources */,
				7D4965811FC6B586008B936F /* BaseViewController.swift in Sources */,
				7DCA51891FC274D000B46882 /* Wjq_DropDownMenu.swift in Sources */,
				7DCA51731FC26ED000B46882 /* AppDelegate.swift in Sources */,
			);
			runOnlyForDeploymentPostprocessing = 0;
		};
/* End PBXSourcesBuildPhase section */

/* Begin PBXVariantGroup section */
		7DCA51761FC26ED000B46882 /* Main.storyboard */ = {
			isa = PBXVariantGroup;
			children = (
				7DCA51771FC26ED000B46882 /* Base */,
			);
			name = Main.storyboard;
			sourceTree = "<group>";
		};
		7DCA517B1FC26ED000B46882 /* LaunchScreen.storyboard */ = {
			isa = PBXVariantGroup;
			children = (
				7DCA517C1FC26ED000B46882 /* Base */,
			);
			name = LaunchScreen.storyboard;
			sourceTree = "<group>";
		};
/* End PBXVariantGroup section */

/* Begin XCBuildConfiguration section */
		7DCA517F1FC26ED000B46882 /* Debug */ = {
			isa = XCBuildConfiguration;
			buildSettings = {
				ALWAYS_SEARCH_USER_PATHS = NO;
				CLANG_ANALYZER_NONNULL = YES;
				CLANG_ANALYZER_NUMBER_OBJECT_CONVERSION = YES_AGGRESSIVE;
				CLANG_CXX_LANGUAGE_STANDARD = "gnu++14";
				CLANG_CXX_LIBRARY = "libc++";
				CLANG_ENABLE_MODULES = YES;
				CLANG_ENABLE_OBJC_ARC = YES;
				CLANG_WARN_BLOCK_CAPTURE_AUTORELEASING = YES;
				CLANG_WARN_BOOL_CONVERSION = YES;
				CLANG_WARN_COMMA = YES;
				CLANG_WARN_CONSTANT_CONVERSION = YES;
				CLANG_WARN_DIRECT_OBJC_ISA_USAGE = YES_ERROR;
				CLANG_WARN_DOCUMENTATION_COMMENTS = YES;
				CLANG_WARN_EMPTY_BODY = YES;
				CLANG_WARN_ENUM_CONVERSION = YES;
				CLANG_WARN_INFINITE_RECURSION = YES;
				CLANG_WARN_INT_CONVERSION = YES;
				CLANG_WARN_NON_LITERAL_NULL_CONVERSION = YES;
				CLANG_WARN_OBJC_LITERAL_CONVERSION = YES;
				CLANG_WARN_OBJC_ROOT_CLASS = YES_ERROR;
				CLANG_WARN_RANGE_LOOP_ANALYSIS = YES;
				CLANG_WARN_STRICT_PROTOTYPES = YES;
				CLANG_WARN_SUSPICIOUS_MOVE = YES;
				CLANG_WARN_UNGUARDED_AVAILABILITY = YES_AGGRESSIVE;
				CLANG_WARN_UNREACHABLE_CODE = YES;
				CLANG_WARN__DUPLICATE_METHOD_MATCH = YES;
				CODE_SIGN_IDENTITY = "iPhone Developer";
				COPY_PHASE_STRIP = NO;
				DEBUG_INFORMATION_FORMAT = dwarf;
				ENABLE_STRICT_OBJC_MSGSEND = YES;
				ENABLE_TESTABILITY = YES;
				GCC_C_LANGUAGE_STANDARD = gnu11;
				GCC_DYNAMIC_NO_PIC = NO;
				GCC_NO_COMMON_BLOCKS = YES;
				GCC_OPTIMIZATION_LEVEL = 0;
				GCC_PREPROCESSOR_DEFINITIONS = (
					"DEBUG=1",
					"$(inherited)",
				);
				GCC_WARN_64_TO_32_BIT_CONVERSION = YES;
				GCC_WARN_ABOUT_RETURN_TYPE = YES_ERROR;
				GCC_WARN_UNDECLARED_SELECTOR = YES;
				GCC_WARN_UNINITIALIZED_AUTOS = YES_AGGRESSIVE;
				GCC_WARN_UNUSED_FUNCTION = YES;
				GCC_WARN_UNUSED_VARIABLE = YES;
				IPHONEOS_DEPLOYMENT_TARGET = 11.1;
				MTL_ENABLE_DEBUG_INFO = YES;
				ONLY_ACTIVE_ARCH = YES;
				SDKROOT = iphoneos;
				SWIFT_ACTIVE_COMPILATION_CONDITIONS = DEBUG;
				SWIFT_OPTIMIZATION_LEVEL = "-Onone";
			};
			name = Debug;
		};
		7DCA51801FC26ED000B46882 /* Release */ = {
			isa = XCBuildConfiguration;
			buildSettings = {
				ALWAYS_SEARCH_USER_PATHS = NO;
				CLANG_ANALYZER_NONNULL = YES;
				CLANG_ANALYZER_NUMBER_OBJECT_CONVERSION = YES_AGGRESSIVE;
				CLANG_CXX_LANGUAGE_STANDARD = "gnu++14";
				CLANG_CXX_LIBRARY = "libc++";
				CLANG_ENABLE_MODULES = YES;
				CLANG_ENABLE_OBJC_ARC = YES;
				CLANG_WARN_BLOCK_CAPTURE_AUTORELEASING = YES;
				CLANG_WARN_BOOL_CONVERSION = YES;
				CLANG_WARN_COMMA = YES;
				CLANG_WARN_CONSTANT_CONVERSION = YES;
				CLANG_WARN_DIRECT_OBJC_ISA_USAGE = YES_ERROR;
				CLANG_WARN_DOCUMENTATION_COMMENTS = YES;
				CLANG_WARN_EMPTY_BODY = YES;
				CLANG_WARN_ENUM_CONVERSION = YES;
				CLANG_WARN_INFINITE_RECURSION = YES;
				CLANG_WARN_INT_CONVERSION = YES;
				CLANG_WARN_NON_LITERAL_NULL_CONVERSION = YES;
				CLANG_WARN_OBJC_LITERAL_CONVERSION = YES;
				CLANG_WARN_OBJC_ROOT_CLASS = YES_ERROR;
				CLANG_WARN_RANGE_LOOP_ANALYSIS = YES;
				CLANG_WARN_STRICT_PROTOTYPES = YES;
				CLANG_WARN_SUSPICIOUS_MOVE = YES;
				CLANG_WARN_UNGUARDED_AVAILABILITY = YES_AGGRESSIVE;
				CLANG_WARN_UNREACHABLE_CODE = YES;
				CLANG_WARN__DUPLICATE_METHOD_MATCH = YES;
				CODE_SIGN_IDENTITY = "iPhone Developer";
				COPY_PHASE_STRIP = NO;
				DEBUG_INFORMATION_FORMAT = "dwarf-with-dsym";
				ENABLE_NS_ASSERTIONS = NO;
				ENABLE_STRICT_OBJC_MSGSEND = YES;
				GCC_C_LANGUAGE_STANDARD = gnu11;
				GCC_NO_COMMON_BLOCKS = YES;
				GCC_WARN_64_TO_32_BIT_CONVERSION = YES;
				GCC_WARN_ABOUT_RETURN_TYPE = YES_ERROR;
				GCC_WARN_UNDECLARED_SELECTOR = YES;
				GCC_WARN_UNINITIALIZED_AUTOS = YES_AGGRESSIVE;
				GCC_WARN_UNUSED_FUNCTION = YES;
				GCC_WARN_UNUSED_VARIABLE = YES;
				IPHONEOS_DEPLOYMENT_TARGET = 11.1;
				MTL_ENABLE_DEBUG_INFO = NO;
				SDKROOT = iphoneos;
				SWIFT_OPTIMIZATION_LEVEL = "-Owholemodule";
				VALIDATE_PRODUCT = YES;
			};
			name = Release;
		};
		7DCA51821FC26ED000B46882 /* Debug */ = {
			isa = XCBuildConfiguration;
			baseConfigurationReference = A43355B2536BAB19F469A1C1 /* Pods-wjDropDownMenu.debug.xcconfig */;
			buildSettings = {
				ASSETCATALOG_COMPILER_APPICON_NAME = AppIcon;
				CODE_SIGN_STYLE = Automatic;
				DEVELOPMENT_TEAM = KCN8UWT8XC;
				INFOPLIST_FILE = wjDropDownMenu/Info.plist;
				LD_RUNPATH_SEARCH_PATHS = "$(inherited) @executable_path/Frameworks";
				PRODUCT_BUNDLE_IDENTIFIER = ulinix.wjDropDownMenu;
				PRODUCT_NAME = "$(TARGET_NAME)";
				SWIFT_VERSION = 4.0;
				TARGETED_DEVICE_FAMILY = "1,2";
			};
			name = Debug;
		};
		7DCA51831FC26ED000B46882 /* Release */ = {
			isa = XCBuildConfiguration;
			baseConfigurationReference = 07072256F19894CD00D6FAB0 /* Pods-wjDropDownMenu.release.xcconfig */;
			buildSettings = {
				ASSETCATALOG_COMPILER_APPICON_NAME = AppIcon;
				CODE_SIGN_STYLE = Automatic;
				DEVELOPMENT_TEAM = KCN8UWT8XC;
				INFOPLIST_FILE = wjDropDownMenu/Info.plist;
				LD_RUNPATH_SEARCH_PATHS = "$(inherited) @executable_path/Frameworks";
				PRODUCT_BUNDLE_IDENTIFIER = ulinix.wjDropDownMenu;
				PRODUCT_NAME = "$(TARGET_NAME)";
				SWIFT_VERSION = 4.0;
				TARGETED_DEVICE_FAMILY = "1,2";
			};
			name = Release;
		};
/* End XCBuildConfiguration section */

/* Begin XCConfigurationList section */
		7DCA516A1FC26ED000B46882 /* Build configuration list for PBXProject "wjDropDownMenu" */ = {
			isa = XCConfigurationList;
			buildConfigurations = (
				7DCA517F1FC26ED000B46882 /* Debug */,
				7DCA51801FC26ED000B46882 /* Release */,
			);
			defaultConfigurationIsVisible = 0;
			defaultConfigurationName = Release;
		};
		7DCA51811FC26ED000B46882 /* Build configuration list for PBXNativeTarget "wjDropDownMenu" */ = {
			isa = XCConfigurationList;
			buildConfigurations = (
				7DCA51821FC26ED000B46882 /* Debug */,
				7DCA51831FC26ED000B46882 /* Release */,
			);
			defaultConfigurationIsVisible = 0;
			defaultConfigurationName = Release;
		};
/* End XCConfigurationList section */
	};
	rootObject = 7DCA51671FC26ED000B46882 /* Project object */;
}
